
Microsoft Visual Studio Solution File, Format Version 12.00
# Visual Studio 15
VisualStudioVersion = 15.0.28307.106
MinimumVisualStudioVersion = 10.0.40219.1
Project("{FAE04EC0-301F-11D3-BF4B-00C04F79EFBC}") = "TicTacToeLearner", "TicTacToeLearner\TicTacToeLearner.csproj", "{086E27D3-35A8-4C37-852E-0A2B77EDA828}"
EndProject
Project("{FAE04EC0-301F-11D3-BF4B-00C04F79EFBC}") = "TicTacToeConsoleUI", "TicTacToeConsoleUI\TicTacToeConsoleUI.csproj", "{C90C5FFF-520D-49A3-9F8C-9A318135B2AD}"
EndProject
Project("{FAE04EC0-301F-11D3-BF4B-00C04F79EFBC}") = "TicTacToe", "TicTacToe\TicTacToe.csproj", "{16D01D79-47FE-4286-968A-36037D929451}"
EndProject
Project("{FAE04EC0-301F-11D3-BF4B-00C04F79EFBC}") = "Utils", "Utils\Utils.csproj", "{2E17E66A-74E2-4989-BA03-50285351F5EC}"
EndProject
Project("{FAE04EC0-301F-11D3-BF4B-00C04F79EFBC}") = "MinmaxAI", "MinmaxAI\MinmaxAI.csproj", "{84CB8CD8-7DF4-467D-B014-C3219188052C}"
EndProject
Project("{FAE04EC0-301F-11D3-BF4B-00C04F79EFBC}") = "Interfaces", "BaseGame\Interfaces.csproj", "{10D1AE0F-4929-4201-AD9D-1CCF4510CB88}"
EndProject
Project("{FAE04EC0-301F-11D3-BF4B-00C04F79EFBC}") = "SimpleMinds", "SimpleMinds\SimpleMinds.csproj", "{2797E607-F2CC-42FB-9828-953E979253E0}"
EndProject
Project("{FAE04EC0-301F-11D3-BF4B-00C04F79EFBC}") = "SimpleMindsTests", "SimpleMindsTests\SimpleMindsTests.csproj", "{5AB6167F-393F-428A-ABAD-E03EF114830E}"
EndProject
Global
	GlobalSection(SolutionConfigurationPlatforms) = preSolution
		Debug|Any CPU = Debug|Any CPU
		Release|Any CPU = Release|Any CPU
	EndGlobalSection
	GlobalSection(ProjectConfigurationPlatforms) = postSolution
		{086E27D3-35A8-4C37-852E-0A2B77EDA828}.Debug|Any CPU.ActiveCfg = Debug|Any CPU
		{086E27D3-35A8-4C37-852E-0A2B77EDA828}.Debug|Any CPU.Build.0 = Debug|Any CPU
		{086E27D3-35A8-4C37-852E-0A2B77EDA828}.Release|Any CPU.ActiveCfg = Release|Any CPU
		{086E27D3-35A8-4C37-852E-0A2B77EDA828}.Release|Any CPU.Build.0 = Release|Any CPU
		{C90C5FFF-520D-49A3-9F8C-9A318135B2AD}.Debug|Any CPU.ActiveCfg = Debug|Any CPU
		{C90C5FFF-520D-49A3-9F8C-9A318135B2AD}.Debug|Any CPU.Build.0 = Debug|Any CPU
		{C90C5FFF-520D-49A3-9F8C-9A318135B2AD}.Release|Any CPU.ActiveCfg = Release|Any CPU
		{C90C5FFF-520D-49A3-9F8C-9A318135B2AD}.Release|Any CPU.Build.0 = Release|Any CPU
		{16D01D79-47FE-4286-968A-36037D929451}.Debug|Any CPU.ActiveCfg = Debug|Any CPU
		{16D01D79-47FE-4286-968A-36037D929451}.Debug|Any CPU.Build.0 = Debug|Any CPU
		{16D01D79-47FE-4286-968A-36037D929451}.Release|Any CPU.ActiveCfg = Release|Any CPU
		{16D01D79-47FE-4286-968A-36037D929451}.Release|Any CPU.Build.0 = Release|Any CPU
		{2E17E66A-74E2-4989-BA03-50285351F5EC}.Debug|Any CPU.ActiveCfg = Debug|Any CPU
		{2E17E66A-74E2-4989-BA03-50285351F5EC}.Debug|Any CPU.Build.0 = Debug|Any CPU
		{2E17E66A-74E2-4989-BA03-50285351F5EC}.Release|Any CPU.ActiveCfg = Release|Any CPU
		{2E17E66A-74E2-4989-BA03-50285351F5EC}.Release|Any CPU.Build.0 = Release|Any CPU
		{84CB8CD8-7DF4-467D-B014-C3219188052C}.Debug|Any CPU.ActiveCfg = Debug|Any CPU
		{84CB8CD8-7DF4-467D-B014-C3219188052C}.Debug|Any CPU.Build.0 = Debug|Any CPU
		{84CB8CD8-7DF4-467D-B014-C3219188052C}.Release|Any CPU.ActiveCfg = Release|Any CPU
		{84CB8CD8-7DF4-467D-B014-C3219188052C}.Release|Any CPU.Build.0 = Release|Any CPU
		{10D1AE0F-4929-4201-AD9D-1CCF4510CB88}.Debug|Any CPU.ActiveCfg = Debug|Any CPU
		{10D1AE0F-4929-4201-AD9D-1CCF4510CB88}.Debug|Any CPU.Build.0 = Debug|Any CPU
		{10D1AE0F-4929-4201-AD9D-1CCF4510CB88}.Release|Any CPU.ActiveCfg = Release|Any CPU
		{10D1AE0F-4929-4201-AD9D-1CCF4510CB88}.Release|Any CPU.Build.0 = Release|Any CPU
		{2797E607-F2CC-42FB-9828-953E979253E0}.Debug|Any CPU.ActiveCfg = Debug|Any CPU
		{2797E607-F2CC-42FB-9828-953E979253E0}.Debug|Any CPU.Build.0 = Debug|Any CPU
		{2797E607-F2CC-42FB-9828-953E979253E0}.Release|Any CPU.ActiveCfg = Release|Any CPU
		{2797E607-F2CC-42FB-9828-953E979253E0}.Release|Any CPU.Build.0 = Release|Any CPU
		{5AB6167F-393F-428A-ABAD-E03EF114830E}.Debug|Any CPU.ActiveCfg = Debug|Any CPU
		{5AB6167F-393F-428A-ABAD-E03EF114830E}.Debug|Any CPU.Build.0 = Debug|Any CPU
		{5AB6167F-393F-428A-ABAD-E03EF114830E}.Release|Any CPU.ActiveCfg = Release|Any CPU
		{5AB6167F-393F-428A-ABAD-E03EF114830E}.Release|Any CPU.Build.0 = Release|Any CPU
	EndGlobalSection
	GlobalSection(SolutionProperties) = preSolution
		HideSolutionNode = FALSE
	EndGlobalSection
	GlobalSection(ExtensibilityGlobals) = postSolution
		SolutionGuid = {2C4E7BC0-F8B4-4302-8BCB-652CA459402C}
	EndGlobalSection
EndGlobal
